
Microsoft Visual Studio Solution File, Format Version 12.00
# Visual Studio Version 16
VisualStudioVersion = 16.0.34931.43
MinimumVisualStudioVersion = 10.0.40219.1
Project("{FAE04EC0-301F-11D3-BF4B-00C04F79EFBC}") = "JG_TransactionUploader", "JG_TransactionUploader\JG_TransactionUploader.csproj", "{9A3D8C25-691D-45D1-8D4C-85BAA42ECCF7}"
EndProject
Global
	GlobalSection(SolutionConfigurationPlatforms) = preSolution
		Debug|Any CPU = Debug|Any CPU
		Release|Any CPU = Release|Any CPU
	EndGlobalSection
	GlobalSection(ProjectConfigurationPlatforms) = postSolution
		{9A3D8C25-691D-45D1-8D4C-85BAA42ECCF7}.Debug|Any CPU.ActiveCfg = Debug|Any CPU
		{9A3D8C25-691D-45D1-8D4C-85BAA42ECCF7}.Debug|Any CPU.Build.0 = Debug|Any CPU
		{9A3D8C25-691D-45D1-8D4C-85BAA42ECCF7}.Release|Any CPU.ActiveCfg = Release|Any CPU
		{9A3D8C25-691D-45D1-8D4C-85BAA42ECCF7}.Release|Any CPU.Build.0 = Release|Any CPU
	EndGlobalSection
	GlobalSection(SolutionProperties) = preSolution
		HideSolutionNode = FALSE
	EndGlobalSection
	GlobalSection(ExtensibilityGlobals) = postSolution
		SolutionGuid = {D0C2EA08-46D0-4D77-BBBD-6355FE796977}
	EndGlobalSection
EndGlobal
